
Microsoft Visual Studio Solution File, Format Version 12.00
# Visual Studio Version 16
VisualStudioVersion = 16.0.30104.148
MinimumVisualStudioVersion = 10.0.40219.1
Project("{8BC9CEB8-8B4A-11D0-8D11-00A0C91BC942}") = "TTS-Grafkom-H-672018209", "TTS-Grafkom-H-672018209\TTS-Grafkom-H-672018209.vcxproj", "{380E7A82-932F-4FA8-B6DB-BA89C84ADEA7}"
EndProject
Global
	GlobalSection(SolutionConfigurationPlatforms) = preSolution
		Debug|x64 = Debug|x64
		Debug|x86 = Debug|x86
		Release|x64 = Release|x64
		Release|x86 = Release|x86
	EndGlobalSection
	GlobalSection(ProjectConfigurationPlatforms) = postSolution
		{380E7A82-932F-4FA8-B6DB-BA89C84ADEA7}.Debug|x64.ActiveCfg = Debug|x64
		{380E7A82-932F-4FA8-B6DB-BA89C84ADEA7}.Debug|x64.Build.0 = Debug|x64
		{380E7A82-932F-4FA8-B6DB-BA89C84ADEA7}.Debug|x86.ActiveCfg = Debug|Win32
		{380E7A82-932F-4FA8-B6DB-BA89C84ADEA7}.Debug|x86.Build.0 = Debug|Win32
		{380E7A82-932F-4FA8-B6DB-BA89C84ADEA7}.Release|x64.ActiveCfg = Release|x64
		{380E7A82-932F-4FA8-B6DB-BA89C84ADEA7}.Release|x64.Build.0 = Release|x64
		{380E7A82-932F-4FA8-B6DB-BA89C84ADEA7}.Release|x86.ActiveCfg = Release|Win32
		{380E7A82-932F-4FA8-B6DB-BA89C84ADEA7}.Release|x86.Build.0 = Release|Win32
	EndGlobalSection
	GlobalSection(SolutionProperties) = preSolution
		HideSolutionNode = FALSE
	EndGlobalSection
	GlobalSection(ExtensibilityGlobals) = postSolution
		SolutionGuid = {C7EB4AB8-7587-405C-AF55-7361C051ADDC}
	EndGlobalSection
EndGlobal
